
Microsoft Visual Studio Solution File, Format Version 12.00
# Visual Studio Version 17
VisualStudioVersion = 17.10.34916.146
MinimumVisualStudioVersion = 10.0.40219.1
Project("{9A19103F-16F7-4668-BE54-9A1E7A4F7556}") = "ModernAppliances", "ModernAppliances.csproj", "{597DDF84-DB5C-449A-B7FC-FBA48C2FDEE6}"
EndProject
Project("{FAE04EC0-301F-11D3-BF4B-00C04F79EFBC}") = "Samples", "..\A1ModernAppliances\Samples.csproj", "{D211C05F-C987-44AC-ACFF-06E16F1AB1B0}"
EndProject
Global
	GlobalSection(SolutionConfigurationPlatforms) = preSolution
		Debug|Any CPU = Debug|Any CPU
		Release|Any CPU = Release|Any CPU
	EndGlobalSection
	GlobalSection(ProjectConfigurationPlatforms) = postSolution
		{597DDF84-DB5C-449A-B7FC-FBA48C2FDEE6}.Debug|Any CPU.ActiveCfg = Debug|Any CPU
		{597DDF84-DB5C-449A-B7FC-FBA48C2FDEE6}.Debug|Any CPU.Build.0 = Debug|Any CPU
		{597DDF84-DB5C-449A-B7FC-FBA48C2FDEE6}.Release|Any CPU.ActiveCfg = Release|Any CPU
		{597DDF84-DB5C-449A-B7FC-FBA48C2FDEE6}.Release|Any CPU.Build.0 = Release|Any CPU
		{D211C05F-C987-44AC-ACFF-06E16F1AB1B0}.Debug|Any CPU.ActiveCfg = Debug|Any CPU
		{D211C05F-C987-44AC-ACFF-06E16F1AB1B0}.Debug|Any CPU.Build.0 = Debug|Any CPU
		{D211C05F-C987-44AC-ACFF-06E16F1AB1B0}.Release|Any CPU.ActiveCfg = Release|Any CPU
		{D211C05F-C987-44AC-ACFF-06E16F1AB1B0}.Release|Any CPU.Build.0 = Release|Any CPU
	EndGlobalSection
	GlobalSection(SolutionProperties) = preSolution
		HideSolutionNode = FALSE
	EndGlobalSection
	GlobalSection(ExtensibilityGlobals) = postSolution
		SolutionGuid = {A2EAAF6F-B38F-4FED-BA1D-DFD5AE228748}
	EndGlobalSection
EndGlobal
